
Microsoft Visual Studio Solution File, Format Version 12.00
# Visual Studio Version 17
VisualStudioVersion = 17.11.35208.52
MinimumVisualStudioVersion = 10.0.40219.1
Project("{8BC9CEB8-8B4A-11D0-8D11-00A0C91BC942}") = "CH9_Pointers", "CH9_Pointers\CH9_Pointers.vcxproj", "{7DCE6A58-3489-48D0-8CAE-2D4BADC55A61}"
EndProject
Global
	GlobalSection(SolutionConfigurationPlatforms) = preSolution
		Debug|x64 = Debug|x64
		Debug|x86 = Debug|x86
		Release|x64 = Release|x64
		Release|x86 = Release|x86
	EndGlobalSection
	GlobalSection(ProjectConfigurationPlatforms) = postSolution
		{7DCE6A58-3489-48D0-8CAE-2D4BADC55A61}.Debug|x64.ActiveCfg = Debug|x64
		{7DCE6A58-3489-48D0-8CAE-2D4BADC55A61}.Debug|x64.Build.0 = Debug|x64
		{7DCE6A58-3489-48D0-8CAE-2D4BADC55A61}.Debug|x86.ActiveCfg = Debug|Win32
		{7DCE6A58-3489-48D0-8CAE-2D4BADC55A61}.Debug|x86.Build.0 = Debug|Win32
		{7DCE6A58-3489-48D0-8CAE-2D4BADC55A61}.Release|x64.ActiveCfg = Release|x64
		{7DCE6A58-3489-48D0-8CAE-2D4BADC55A61}.Release|x64.Build.0 = Release|x64
		{7DCE6A58-3489-48D0-8CAE-2D4BADC55A61}.Release|x86.ActiveCfg = Release|Win32
		{7DCE6A58-3489-48D0-8CAE-2D4BADC55A61}.Release|x86.Build.0 = Release|Win32
	EndGlobalSection
	GlobalSection(SolutionProperties) = preSolution
		HideSolutionNode = FALSE
	EndGlobalSection
	GlobalSection(ExtensibilityGlobals) = postSolution
		SolutionGuid = {36107982-9C2B-4CDE-A4FF-055326649A14}
	EndGlobalSection
EndGlobal
